
Microsoft Visual Studio Solution File, Format Version 12.00
# Visual Studio Version 17
VisualStudioVersion = 17.9.34616.47
MinimumVisualStudioVersion = 10.0.40219.1
Project("{FAE04EC0-301F-11D3-BF4B-00C04F79EFBC}") = "Tasks_26feb", "Tasks_26feb\Tasks_26feb.csproj", "{CC3793E2-C9F3-474C-9137-EC5F69912D6A}"
EndProject
Global
	GlobalSection(SolutionConfigurationPlatforms) = preSolution
		Debug|Any CPU = Debug|Any CPU
		Release|Any CPU = Release|Any CPU
	EndGlobalSection
	GlobalSection(ProjectConfigurationPlatforms) = postSolution
		{CC3793E2-C9F3-474C-9137-EC5F69912D6A}.Debug|Any CPU.ActiveCfg = Debug|Any CPU
		{CC3793E2-C9F3-474C-9137-EC5F69912D6A}.Debug|Any CPU.Build.0 = Debug|Any CPU
		{CC3793E2-C9F3-474C-9137-EC5F69912D6A}.Release|Any CPU.ActiveCfg = Release|Any CPU
		{CC3793E2-C9F3-474C-9137-EC5F69912D6A}.Release|Any CPU.Build.0 = Release|Any CPU
	EndGlobalSection
	GlobalSection(SolutionProperties) = preSolution
		HideSolutionNode = FALSE
	EndGlobalSection
	GlobalSection(ExtensibilityGlobals) = postSolution
		SolutionGuid = {A4FBE16A-DC8B-446E-B4C7-EEE92434783C}
	EndGlobalSection
EndGlobal
